{
  "name": "titanbot-custom",
  "version": "1.1.1",
  "lockfileVersion": 3,
  "requires": true,
  "description": "Modular Ultimate Community Bot by Touchpoint Support",
  "main": "src/app.js",
  "type": "module",
  "packages": {
    "": {
      "name": "titanbot-custom",
      "version": "1.1.1",
      "dependencies": {
        "@discord-player/extractor": "^7.2.0",
        "@discordjs/rest": "^2.6.1",
        "@snazzah/davey": "^0.1.11",
        "axios": "^1.15.2",
        "discord-player": "^7.2.0",
        "discord.js": "^14.15.3",
        "dotenv": "^17.2.3",
        "express": "^5.1.0",
        "node-cron": "^4.2.1",
        "pg": "^8.11.3",
        "stripe": "^22.2.1",
        "winston": "^3.19.0",
        "winston-daily-rotate-file": "^5.0.0",
        "zod": "^3.25.76"
      },
      "engines": {
        "node": ">=18.0.0"
      }
    },
    "node_modules/@discord-player/extractor": {
      "version": "7.2.0",
      "integrity": "sha512-S+e1g+A8+VXP3TUbK4CpQdVEFPLHJaJBXDVGypUHjezxWfn8YzbiS7eRdgcebuTw2kYC/bCww5+bDiUdEjxLLA==",
      "dependencies": {
        "file-type": "^16.5.4",
        "isomorphic-unfetch": "^4.0.2",
        "node-html-parser": "^7.0.2",
        "reverbnation-scraper": "^2.0.0",
        "soundcloud.ts": "^0.5.5",
        "spotify-url-info": "^3.2.6"
      }
    },
    "node_modules/@discordjs/rest": {
      "version": "2.6.1",
      "integrity": "sha512-wwQdgjeaoYFiaG+atbqx6aJDpqW7JHAo0HrQkBTbYzM3/PJ3GweQIpgElNcGZ26DCUOXMyawYd0YF7vtr+fZXg==",
      "dependencies": {
        "@discordjs/collection": "^2.1.1",
        "@discordjs/util": "^1.2.0",
        "@sapphire/async-queue": "^1.5.3",
        "@sapphire/snowflake": "^3.5.5",
        "@vladfrangu/async_event_emitter": "^2.4.6",
        "discord-api-types": "^0.38.40",
        "magic-bytes.js": "^1.13.0",
        "tslib": "^2.6.3",
        "undici": "6.24.1"
      },
      "engines": {
        "node": ">=18"
      },
      "funding": {
        "url": "https://github.com/discordjs/discord.js?sponsor"
      }
    },
    "node_modules/@snazzah/davey": {
      "version": "0.1.11",
      "integrity": "sha512-oBN+msHzPnm1M5DDx3wVD7iBwpNXFUtkh2MrAbUJu0OhKjliLChi28hq++mu1+qdMpAVQO5JKAvQQxYVbyneiw==",
      "engines": {
        "node": ">= 10"
      },
      "funding": {
        "url": "https://github.com/sponsors/Snazzah"
      },
      "optionalDependencies": {
        "@snazzah/davey-android-arm-eabi": "0.1.11",
        "@snazzah/davey-android-arm64": "0.1.11",
        "@snazzah/davey-darwin-arm64": "0.1.11",
        "@snazzah/davey-darwin-x64": "0.1.11",
        "@snazzah/davey-freebsd-x64": "0.1.11",
        "@snazzah/davey-linux-arm-gnueabihf": "0.1.11",
        "@snazzah/davey-linux-arm64-gnu": "0.1.11",
        "@snazzah/davey-linux-arm64-musl": "0.1.11",
        "@snazzah/davey-linux-x64-gnu": "0.1.11",
        "@snazzah/davey-linux-x64-musl": "0.1.11",
        "@snazzah/davey-wasm32-wasi": "0.1.11",
        "@snazzah/davey-win32-arm64-msvc": "0.1.11",
        "@snazzah/davey-win32-ia32-msvc": "0.1.11",
        "@snazzah/davey-win32-x64-msvc": "0.1.11"
      }
    },
    "node_modules/axios": {
      "version": "1.17.0",
      "integrity": "sha512-J8SwNxprqqpbfenehxWYXE7CW+wM1BB4w3+N+g+/Wx40xM4rsLrfPmHHxSWIxJLYDgSY/HqlFPIYb2/S3rxafw==",
      "dependencies": {
        "follow-redirects": "^1.16.0",
        "form-data": "^4.0.5",
        "https-proxy-agent": "^5.0.1",
        "proxy-from-env": "^2.1.0"
      }
    },
    "node_modules/discord-player": {
      "version": "7.2.0",
      "integrity": "sha512-0UCo/IKZjEqkv3DLdEWh2jQ0hyzqaTxm25yCCG3NQpiRfCetaRVPbjdTgo4/4YOdNcZEypIPZtkE6lJxpkbtnA==",
      "dependencies": {
        "@discord-player/equalizer": "^7.2.0",
        "@discord-player/ffmpeg": "^7.2.0",
        "@discord-player/utils": "^7.2.0",
        "@web-scrobbler/metadata-filter": "^3.1.0",
        "discord-voip": "^7.2.0",
        "libsodium-wrappers": "^0.7.13"
      },
      "funding": {
        "url": "https://github.com/Androz2091/discord-player?sponsor=1"
      },
      "peerDependencies": {
        "@discord-player/extractor": "^7.2.0",
        "mediaplex": "^1"
      }
    },
    "node_modules/discord.js": {
      "version": "14.26.4",
      "integrity": "sha512-4oBp8tc6Kf8IDBwAHhbsMaAqx1b5fob9SNasZT7V6yyyUydoO5i5fGuX7TmvRtR+q/WgKRnRViRoAWnG7fNyvA==",
      "dependencies": {
        "@discordjs/builders": "^1.14.1",
        "@discordjs/collection": "1.5.3",
        "@discordjs/formatters": "^0.6.2",
        "@discordjs/rest": "^2.6.1",
        "@discordjs/util": "^1.2.0",
        "@discordjs/ws": "^1.2.3",
        "@sapphire/snowflake": "3.5.3",
        "discord-api-types": "^0.38.40",
        "fast-deep-equal": "3.1.3",
        "lodash.snakecase": "4.1.1",
        "magic-bytes.js": "^1.13.0",
        "tslib": "^2.6.3",
        "undici": "6.24.1"
      },
      "engines": {
        "node": ">=18"
      },
      "funding": {
        "url": "https://github.com/discordjs/discord.js?sponsor"
      }
    },
    "node_modules/dotenv": {
      "version": "17.4.2",
      "integrity": "sha512-nI4U3TottKAcAD9LLud4Cb7b2QztQMUEfHbvhTH09bqXTxnSie8WnjPALV/WMCrJZ6UV/qHJ6L03OqO3LcdYZw==",
      "engines": {
        "node": ">=12"
      },
      "funding": {
        "url": "https://dotenvx.com"
      }
    },
    "node_modules/express": {
      "version": "5.2.1",
      "integrity": "sha512-hIS4idWWai69NezIdRt2xFVofaF4j+6INOpJlVOLDO8zXGpUVEVzIYk12UUi2JzjEzWL3IOAxcTubgz9Po0yXw==",
      "dependencies": {
        "accepts": "^2.0.0",
        "body-parser": "^2.2.1",
        "content-disposition": "^1.0.0",
        "content-type": "^1.0.5",
        "cookie": "^0.7.1",
        "cookie-signature": "^1.2.1",
        "debug": "^4.4.0",
        "depd": "^2.0.0",
        "encodeurl": "^2.0.0",
        "escape-html": "^1.0.3",
        "etag": "^1.8.1",
        "finalhandler": "^2.1.0",
        "fresh": "^2.0.0",
        "http-errors": "^2.0.0",
        "merge-descriptors": "^2.0.0",
        "mime-types": "^3.0.0",
        "on-finished": "^2.4.1",
        "once": "^1.4.0",
        "parseurl": "^1.3.3",
        "proxy-addr": "^2.0.7",
        "qs": "^6.14.0",
        "range-parser": "^1.2.1",
        "router": "^2.2.0",
        "send": "^1.1.0",
        "serve-static": "^2.2.0",
        "statuses": "^2.0.1",
        "type-is": "^2.0.1",
        "vary": "^1.1.2"
      },
      "engines": {
        "node": ">= 18"
      },
      "funding": {
        "type": "opencollective",
        "url": "https://opencollective.com/express"
      }
    },
    "node_modules/node-cron": {
      "version": "4.2.1",
      "integrity": "sha512-lgimEHPE/QDgFlywTd8yTR61ptugX3Qer29efeyWw2rv259HtGBNn1vZVmp8lB9uo9wC0t/AT4iGqXxia+CJFg==",
      "engines": {
        "node": ">=6.0.0"
      }
    },
    "node_modules/pg": {
      "version": "8.21.0",
      "integrity": "sha512-AUP1EYJuHraQGsVoCQVIcM7TEJVGtDzxWtGFZd8rds9d+CCXlU5Js1rYgfLNvxy9iJrpHjGrRjoi/3BT9fRyiA==",
      "dependencies": {
        "pg-connection-string": "^2.13.0",
        "pg-pool": "^3.14.0",
        "pg-protocol": "^1.14.0",
        "pg-types": "2.2.0",
        "pgpass": "1.0.5"
      },
      "engines": {
        "node": ">= 16.0.0"
      },
      "optionalDependencies": {
        "pg-cloudflare": "^1.4.0"
      },
      "peerDependencies": {
        "pg-native": ">=3.0.1"
      },
      "peerDependenciesMeta": {
        "pg-native": {
          "optional": true
        }
      }
    },
    "node_modules/stripe": {
      "version": "22.2.1",
      "integrity": "sha512-ULAtq25USBEx3yeN5zimEkfYVFETVMP5om25Ryr8ol11P62imaCZLBIEW78T7zm7Wg3wnZi+80S72yf3LCpNhw==",
      "engines": {
        "node": ">=18"
      },
      "peerDependencies": {
        "@types/node": ">=18"
      },
      "peerDependenciesMeta": {
        "@types/node": {
          "optional": true
        }
      }
    },
    "node_modules/winston": {
      "version": "3.19.0",
      "integrity": "sha512-LZNJgPzfKR+/J3cHkxcpHKpKKvGfDZVPS4hfJCc4cCG0CgYzvlD6yE/S3CIL/Yt91ak327YCpiF/0MyeZHEHKA==",
      "dependencies": {
        "@colors/colors": "^1.6.0",
        "@dabh/diagnostics": "^2.0.8",
        "async": "^3.2.3",
        "is-stream": "^2.0.0",
        "logform": "^2.7.0",
        "one-time": "^1.0.0",
        "readable-stream": "^3.4.0",
        "safe-stable-stringify": "^2.3.1",
        "stack-trace": "0.0.x",
        "triple-beam": "^1.3.0",
        "winston-transport": "^4.9.0"
      },
      "engines": {
        "node": ">= 12.0.0"
      }
    },
    "node_modules/winston-daily-rotate-file": {
      "version": "5.0.0",
      "integrity": "sha512-JDjiXXkM5qvwY06733vf09I2wnMXpZEhxEVOSPenZMii+g7pcDcTBt2MRugnoi8BwVSuCT2jfRXBUy+n1Zz/Yw==",
      "dependencies": {
        "file-stream-rotator": "^0.6.1",
        "object-hash": "^3.0.0",
        "triple-beam": "^1.4.1",
        "winston-transport": "^4.7.0"
      },
      "engines": {
        "node": ">=8"
      },
      "peerDependencies": {
        "winston": "^3"
      }
    },
    "node_modules/zod": {
      "version": "3.25.76",
      "resolved": "https://registry.npmjs.org/zod/-/zod-3.25.76.tgz",
      "integrity": "sha512-gzUt/qt81nXsFGKIFcC3YnfEAx5NkunCfnDlvuBSSFS02bcXu4Lmea0AFIUwbLWxWPx3d9p8S5QoaujKcNQxcQ==",
      "license": "MIT",
      "funding": {
        "url": "https://github.com/sponsors/colinhacks"
      }
    }
  },
  "engines": {
    "node": ">=18.0.0"
  },
  "scripts": {
    "backup:db": "node scripts/backup.js",
    "backup:drill": "node scripts/restore-drill.js",
    "migrate": "node scripts/migrate.js apply",
    "migrate:check": "node scripts/migrate.js check",
    "migrate:status": "node scripts/migrate.js status",
    "restore:db": "node scripts/restore.js",
    "start": "node src/app.js",
    "test": "node --test tests/**/*.test.js"
  }
}
